// !$*UTF8*$!
{
	archiveVersion = 1;
	classes = {
	};
	objectVersion = 55;
	objects = {

/* Begin PBXBuildFile section */
		522239B428C213ED008F084D /* AppDelegate.swift in Sources */ = {isa = PBXBuildFile; fileRef = 522239B328C213ED008F084D /* AppDelegate.swift */; };
		522239B628C213ED008F084D /* SceneDelegate.swift in Sources */ = {isa = PBXBuildFile; fileRef = 522239B528C213ED008F084D /* SceneDelegate.swift */; };
		522239B828C213ED008F084D /* CalculatorViewController.swift in Sources */ = {isa = PBXBuildFile; fileRef = 522239B728C213ED008F084D /* CalculatorViewController.swift */; };
		522239BB28C213ED008F084D /* Main.storyboard in Resources */ = {isa = PBXBuildFile; fileRef = 522239B928C213ED008F084D /* Main.storyboard */; };
		522239BD28C213EF008F084D /* Assets.xcassets in Resources */ = {isa = PBXBuildFile; fileRef = 522239BC28C213EF008F084D /* Assets.xcassets */; };
		522239C028C213EF008F084D /* LaunchScreen.storyboard in Resources */ = {isa = PBXBuildFile; fileRef = 522239BE28C213EF008F084D /* LaunchScreen.storyboard */; };
		522239CB28C2144C008F084D /* CalculatorBrain.swift in Sources */ = {isa = PBXBuildFile; fileRef = 522239CA28C2144C008F084D /* CalculatorBrain.swift */; };
		522239CD28C225B7008F084D /* ResultsViewController.swift in Sources */ = {isa = PBXBuildFile; fileRef = 522239CC28C225B7008F084D /* ResultsViewController.swift */; };
/* End PBXBuildFile section */

/* Begin PBXFileReference section */
		522239B028C213ED008F084D /* TIps-Calculator.app */ = {isa = PBXFileReference; explicitFileType = wrapper.application; includeInIndex = 0; path = "TIps-Calculator.app"; sourceTree = BUILT_PRODUCTS_DIR; };
		522239B328C213ED008F084D /* AppDelegate.swift */ = {isa = PBXFileReference; lastKnownFileType = sourcecode.swift; path = AppDelegate.swift; sourceTree = "<group>"; };
		522239B528C213ED008F084D /* SceneDelegate.swift */ = {isa = PBXFileReference; lastKnownFileType = sourcecode.swift; path = SceneDelegate.swift; sourceTree = "<group>"; };
		522239B728C213ED008F084D /* CalculatorViewController.swift */ = {isa = PBXFileReference; lastKnownFileType = sourcecode.swift; path = CalculatorViewController.swift; sourceTree = "<group>"; };
		522239BA28C213ED008F084D /* Base */ = {isa = PBXFileReference; lastKnownFileType = file.storyboard; name = Base; path = Base.lproj/Main.storyboard; sourceTree = "<group>"; };
		522239BC28C213EF008F084D /* Assets.xcassets */ = {isa = PBXFileReference; lastKnownFileType = folder.assetcatalog; path = Assets.xcassets; sourceTree = "<group>"; };
		522239BF28C213EF008F084D /* Base */ = {isa = PBXFileReference; lastKnownFileType = file.storyboard; name = Base; path = Base.lproj/LaunchScreen.storyboard; sourceTree = "<group>"; };
		522239C128C213EF008F084D /* Info.plist */ = {isa = PBXFileReference; lastKnownFileType = text.plist.xml; path = Info.plist; sourceTree = "<group>"; };
		522239CA28C2144C008F084D /* CalculatorBrain.swift */ = {isa = PBXFileReference; lastKnownFileType = sourcecode.swift; path = CalculatorBrain.swift; sourceTree = "<group>"; };
		522239CC28C225B7008F084D /* ResultsViewController.swift */ = {isa = PBXFileReference; lastKnownFileType = sourcecode.swift; path = ResultsViewController.swift; sourceTree = "<group>"; };
/* End PBXFileReference section */

/* Begin PBXFrameworksBuildPhase section */
		522239AD28C213ED008F084D /* Frameworks */ = {
			isa = PBXFrameworksBuildPhase;
			buildActionMask = 2147483647;
			files = (
			);
			runOnlyForDeploymentPostprocessing = 0;
		};
/* End PBXFrameworksBuildPhase section */

/* Begin PBXGroup section */
		522239A728C213ED008F084D = {
			isa = PBXGroup;
			children = (
				522239B228C213ED008F084D /* TIps-Calculator */,
				522239B128C213ED008F084D /* Products */,
			);
			sourceTree = "<group>";
		};
		522239B128C213ED008F084D /* Products */ = {
			isa = PBXGroup;
			children = (
				522239B028C213ED008F084D /* TIps-Calculator.app */,
			);
			name = Products;
			sourceTree = "<group>";
		};
		522239B228C213ED008F084D /* TIps-Calculator */ = {
			isa = PBXGroup;
			children = (
				522239B328C213ED008F084D /* AppDelegate.swift */,
				522239B528C213ED008F084D /* SceneDelegate.swift */,
				522239C928C2140D008F084D /* Model */,
				522239C728C213FB008F084D /* View */,
				522239C828C21401008F084D /* Controller */,
				522239BC28C213EF008F084D /* Assets.xcassets */,
				522239BE28C213EF008F084D /* LaunchScreen.storyboard */,
				522239C128C213EF008F084D /* Info.plist */,
			);
			path = "TIps-Calculator";
			sourceTree = "<group>";
		};
		522239C728C213FB008F084D /* View */ = {
			isa = PBXGroup;
			children = (
				522239B928C213ED008F084D /* Main.storyboard */,
			);
			path = View;
			sourceTree = "<group>";
		};
		522239C828C21401008F084D /* Controller */ = {
			isa = PBXGroup;
			children = (
				522239B728C213ED008F084D /* CalculatorViewController.swift */,
				522239CC28C225B7008F084D /* ResultsViewController.swift */,
			);
			path = Controller;
			sourceTree = "<group>";
		};
		522239C928C2140D008F084D /* Model */ = {
			isa = PBXGroup;
			children = (
				522239CA28C2144C008F084D /* CalculatorBrain.swift */,
			);
			path = Model;
			sourceTree = "<group>";
		};
/* End PBXGroup section */

/* Begin PBXNativeTarget section */
		522239AF28C213ED008F084D /* TIps-Calculator */ = {
			isa = PBXNativeTarget;
			buildConfigurationList = 522239C428C213EF008F084D /* Build configuration list for PBXNativeTarget "TIps-Calculator" */;
			buildPhases = (
				522239AC28C213ED008F084D /* Sources */,
				522239AD28C213ED008F084D /* Frameworks */,
				522239AE28C213ED008F084D /* Resources */,
			);
			buildRules = (
			);
			dependencies = (
			);
			name = "TIps-Calculator";
			productName = "TIps-Calculator";
			productReference = 522239B028C213ED008F084D /* TIps-Calculator.app */;
			productType = "com.apple.product-type.application";
		};
/* End PBXNativeTarget section */

/* Begin PBXProject section */
		522239A828C213ED008F084D /* Project object */ = {
			isa = PBXProject;
			attributes = {
				BuildIndependentTargetsInParallel = 1;
				LastSwiftUpdateCheck = 1340;
				LastUpgradeCheck = 1340;
				TargetAttributes = {
					522239AF28C213ED008F084D = {
						CreatedOnToolsVersion = 13.4;
					};
				};
			};
			buildConfigurationList = 522239AB28C213ED008F084D /* Build configuration list for PBXProject "TIps-Calculator" */;
			compatibilityVersion = "Xcode 13.0";
			developmentRegion = en;
			hasScannedForEncodings = 0;
			knownRegions = (
				en,
				Base,
			);
			mainGroup = 522239A728C213ED008F084D;
			productRefGroup = 522239B128C213ED008F084D /* Products */;
			projectDirPath = "";
			projectRoot = "";
			targets = (
				522239AF28C213ED008F084D /* TIps-Calculator */,
			);
		};
/* End PBXProject section */

/* Begin PBXResourcesBuildPhase section */
		522239AE28C213ED008F084D /* Resources */ = {
			isa = PBXResourcesBuildPhase;
			buildActionMask = 2147483647;
			files = (
				522239C028C213EF008F084D /* LaunchScreen.storyboard in Resources */,
				522239BD28C213EF008F084D /* Assets.xcassets in Resources */,
				522239BB28C213ED008F084D /* Main.storyboard in Resources */,
			);
			runOnlyForDeploymentPostprocessing = 0;
		};
/* End PBXResourcesBuildPhase section */

/* Begin PBXSourcesBuildPhase section */
		522239AC28C213ED008F084D /* Sources */ = {
			isa = PBXSourcesBuildPhase;
			buildActionMask = 2147483647;
			files = (
				522239B828C213ED008F084D /* CalculatorViewController.swift in Sources */,
				522239B428C213ED008F084D /* AppDelegate.swift in Sources */,
				522239CB28C2144C008F084D /* CalculatorBrain.swift in Sources */,
				522239CD28C225B7008F084D /* ResultsViewController.swift in Sources */,
				522239B628C213ED008F084D /* SceneDelegate.swift in Sources */,
			);
			runOnlyForDeploymentPostprocessing = 0;
		};
/* End PBXSourcesBuildPhase section */

/* Begin PBXVariantGroup section */
		522239B928C213ED008F084D /* Main.storyboard */ = {
			isa = PBXVariantGroup;
			children = (
				522239BA28C213ED008F084D /* Base */,
			);
			name = Main.storyboard;
			sourceTree = "<group>";
		};
		522239BE28C213EF008F084D /* LaunchScreen.storyboard */ = {
			isa = PBXVariantGroup;
			children = (
				522239BF28C213EF008F084D /* Base */,
			);
			name = LaunchScreen.storyboard;
			sourceTree = "<group>";
		};
/* End PBXVariantGroup section */

/* Begin XCBuildConfiguration section */
		522239C228C213EF008F084D /* Debug */ = {
			isa = XCBuildConfiguration;
			buildSettings = {
				ALWAYS_SEARCH_USER_PATHS = NO;
				CLANG_ANALYZER_NONNULL = YES;
				CLANG_ANALYZER_NUMBER_OBJECT_CONVERSION = YES_AGGRESSIVE;
				CLANG_CXX_LANGUAGE_STANDARD = "gnu++17";
				CLANG_ENABLE_MODULES = YES;
				CLANG_ENABLE_OBJC_ARC = YES;
				CLANG_ENABLE_OBJC_WEAK = YES;
				CLANG_WARN_BLOCK_CAPTURE_AUTORELEASING = YES;
				CLANG_WARN_BOOL_CONVERSION = YES;
				CLANG_WARN_COMMA = YES;
				CLANG_WARN_CONSTANT_CONVERSION = YES;
				CLANG_WARN_DEPRECATED_OBJC_IMPLEMENTATIONS = YES;
				CLANG_WARN_DIRECT_OBJC_ISA_USAGE = YES_ERROR;
				CLANG_WARN_DOCUMENTATION_COMMENTS = YES;
				CLANG_WARN_EMPTY_BODY = YES;
				CLANG_WARN_ENUM_CONVERSION = YES;
				CLANG_WARN_INFINITE_RECURSION = YES;
				CLANG_WARN_INT_CONVERSION = YES;
				CLANG_WARN_NON_LITERAL_NULL_CONVERSION = YES;
				CLANG_WARN_OBJC_IMPLICIT_RETAIN_SELF = YES;
				CLANG_WARN_OBJC_LITERAL_CONVERSION = YES;
				CLANG_WARN_OBJC_ROOT_CLASS = YES_ERROR;
				CLANG_WARN_QUOTED_INCLUDE_IN_FRAMEWORK_HEADER = YES;
				CLANG_WARN_RANGE_LOOP_ANALYSIS = YES;
				CLANG_WARN_STRICT_PROTOTYPES = YES;
				CLANG_WARN_SUSPICIOUS_MOVE = YES;
				CLANG_WARN_UNGUARDED_AVAILABILITY = YES_AGGRESSIVE;
				CLANG_WARN_UNREACHABLE_CODE = YES;
				CLANG_WARN__DUPLICATE_METHOD_MATCH = YES;
				COPY_PHASE_STRIP = NO;
				DEBUG_INFORMATION_FORMAT = dwarf;
				ENABLE_STRICT_OBJC_MSGSEND = YES;
				ENABLE_TESTABILITY = YES;
				GCC_C_LANGUAGE_STANDARD = gnu11;
				GCC_DYNAMIC_NO_PIC = NO;
				GCC_NO_COMMON_BLOCKS = YES;
				GCC_OPTIMIZATION_LEVEL = 0;
				GCC_PREPROCESSOR_DEFINITIONS = (
					"DEBUG=1",
					"$(inherited)",
				);
				GCC_WARN_64_TO_32_BIT_CONVERSION = YES;
				GCC_WARN_ABOUT_RETURN_TYPE = YES_ERROR;
				GCC_WARN_UNDECLARED_SELECTOR = YES;
				GCC_WARN_UNINITIALIZED_AUTOS = YES_AGGRESSIVE;
				GCC_WARN_UNUSED_FUNCTION = YES;
				GCC_WARN_UNUSED_VARIABLE = YES;
				IPHONEOS_DEPLOYMENT_TARGET = 15.5;
				MTL_ENABLE_DEBUG_INFO = INCLUDE_SOURCE;
				MTL_FAST_MATH = YES;
				ONLY_ACTIVE_ARCH = YES;
				SDKROOT = iphoneos;
				SWIFT_ACTIVE_COMPILATION_CONDITIONS = DEBUG;
				SWIFT_OPTIMIZATION_LEVEL = "-Onone";
			};
			name = Debug;
		};
		522239C328C213EF008F084D /* Release */ = {
			isa = XCBuildConfiguration;
			buildSettings = {
				ALWAYS_SEARCH_USER_PATHS = NO;
				CLANG_ANALYZER_NONNULL = YES;
				CLANG_ANALYZER_NUMBER_OBJECT_CONVERSION = YES_AGGRESSIVE;
				CLANG_CXX_LANGUAGE_STANDARD = "gnu++17";
				CLANG_ENABLE_MODULES = YES;
				CLANG_ENABLE_OBJC_ARC = YES;
				CLANG_ENABLE_OBJC_WEAK = YES;
				CLANG_WARN_BLOCK_CAPTURE_AUTORELEASING = YES;
				CLANG_WARN_BOOL_CONVERSION = YES;
				CLANG_WARN_COMMA = YES;
				CLANG_WARN_CONSTANT_CONVERSION = YES;
				CLANG_WARN_DEPRECATED_OBJC_IMPLEMENTATIONS = YES;
				CLANG_WARN_DIRECT_OBJC_ISA_USAGE = YES_ERROR;
				CLANG_WARN_DOCUMENTATION_COMMENTS = YES;
				CLANG_WARN_EMPTY_BODY = YES;
				CLANG_WARN_ENUM_CONVERSION = YES;
				CLANG_WARN_INFINITE_RECURSION = YES;
				CLANG_WARN_INT_CONVERSION = YES;
				CLANG_WARN_NON_LITERAL_NULL_CONVERSION = YES;
				CLANG_WARN_OBJC_IMPLICIT_RETAIN_SELF = YES;
				CLANG_WARN_OBJC_LITERAL_CONVERSION = YES;
				CLANG_WARN_OBJC_ROOT_CLASS = YES_ERROR;
				CLANG_WARN_QUOTED_INCLUDE_IN_FRAMEWORK_HEADER = YES;
				CLANG_WARN_RANGE_LOOP_ANALYSIS = YES;
				CLANG_WARN_STRICT_PROTOTYPES = YES;
				CLANG_WARN_SUSPICIOUS_MOVE = YES;
				CLANG_WARN_UNGUARDED_AVAILABILITY = YES_AGGRESSIVE;
				CLANG_WARN_UNREACHABLE_CODE = YES;
				CLANG_WARN__DUPLICATE_METHOD_MATCH = YES;
				COPY_PHASE_STRIP = NO;
				DEBUG_INFORMATION_FORMAT = "dwarf-with-dsym";
				ENABLE_NS_ASSERTIONS = NO;
				ENABLE_STRICT_OBJC_MSGSEND = YES;
				GCC_C_LANGUAGE_STANDARD = gnu11;
				GCC_NO_COMMON_BLOCKS = YES;
				GCC_WARN_64_TO_32_BIT_CONVERSION = YES;
				GCC_WARN_ABOUT_RETURN_TYPE = YES_ERROR;
				GCC_WARN_UNDECLARED_SELECTOR = YES;
				GCC_WARN_UNINITIALIZED_AUTOS = YES_AGGRESSIVE;
				GCC_WARN_UNUSED_FUNCTION = YES;
				GCC_WARN_UNUSED_VARIABLE = YES;
				IPHONEOS_DEPLOYMENT_TARGET = 15.5;
				MTL_ENABLE_DEBUG_INFO = NO;
				MTL_FAST_MATH = YES;
				SDKROOT = iphoneos;
				SWIFT_COMPILATION_MODE = wholemodule;
				SWIFT_OPTIMIZATION_LEVEL = "-O";
				VALIDATE_PRODUCT = YES;
			};
			name = Release;
		};
		522239C528C213EF008F084D /* Debug */ = {
			isa = XCBuildConfiguration;
			buildSettings = {
				ASSETCATALOG_COMPILER_APPICON_NAME = AppIcon;
				ASSETCATALOG_COMPILER_GLOBAL_ACCENT_COLOR_NAME = AccentColor;
				CODE_SIGN_STYLE = Automatic;
				CURRENT_PROJECT_VERSION = 1;
				DEVELOPMENT_TEAM = 73WK4782BY;
				GENERATE_INFOPLIST_FILE = YES;
				INFOPLIST_FILE = "TIps-Calculator/Info.plist";
				INFOPLIST_KEY_UIApplicationSupportsIndirectInputEvents = YES;
				INFOPLIST_KEY_UILaunchStoryboardName = LaunchScreen;
				INFOPLIST_KEY_UIMainStoryboardFile = Main;
				INFOPLIST_KEY_UISupportedInterfaceOrientations_iPad = "UIInterfaceOrientationPortrait UIInterfaceOrientationPortraitUpsideDown UIInterfaceOrientationLandscapeLeft UIInterfaceOrientationLandscapeRight";
				INFOPLIST_KEY_UISupportedInterfaceOrientations_iPhone = "UIInterfaceOrientationPortrait UIInterfaceOrientationLandscapeLeft UIInterfaceOrientationLandscapeRight";
				LD_RUNPATH_SEARCH_PATHS = (
					"$(inherited)",
					"@executable_path/Frameworks",
				);
				MARKETING_VERSION = 1.0;
				PRODUCT_BUNDLE_IDENTIFIER = "com.lexshpin.TIps-Calculator";
				PRODUCT_NAME = "$(TARGET_NAME)";
				SWIFT_EMIT_LOC_STRINGS = YES;
				SWIFT_VERSION = 5.0;
				TARGETED_DEVICE_FAMILY = "1,2";
			};
			name = Debug;
		};
		522239C628C213EF008F084D /* Release */ = {
			isa = XCBuildConfiguration;
			buildSettings = {
				ASSETCATALOG_COMPILER_APPICON_NAME = AppIcon;
				ASSETCATALOG_COMPILER_GLOBAL_ACCENT_COLOR_NAME = AccentColor;
				CODE_SIGN_STYLE = Automatic;
				CURRENT_PROJECT_VERSION = 1;
				DEVELOPMENT_TEAM = 73WK4782BY;
				GENERATE_INFOPLIST_FILE = YES;
				INFOPLIST_FILE = "TIps-Calculator/Info.plist";
				INFOPLIST_KEY_UIApplicationSupportsIndirectInputEvents = YES;
				INFOPLIST_KEY_UILaunchStoryboardName = LaunchScreen;
				INFOPLIST_KEY_UIMainStoryboardFile = Main;
				INFOPLIST_KEY_UISupportedInterfaceOrientations_iPad = "UIInterfaceOrientationPortrait UIInterfaceOrientationPortraitUpsideDown UIInterfaceOrientationLandscapeLeft UIInterfaceOrientationLandscapeRight";
				INFOPLIST_KEY_UISupportedInterfaceOrientations_iPhone = "UIInterfaceOrientationPortrait UIInterfaceOrientationLandscapeLeft UIInterfaceOrientationLandscapeRight";
				LD_RUNPATH_SEARCH_PATHS = (
					"$(inherited)",
					"@executable_path/Frameworks",
				);
				MARKETING_VERSION = 1.0;
				PRODUCT_BUNDLE_IDENTIFIER = "com.lexshpin.TIps-Calculator";
				PRODUCT_NAME = "$(TARGET_NAME)";
				SWIFT_EMIT_LOC_STRINGS = YES;
				SWIFT_VERSION = 5.0;
				TARGETED_DEVICE_FAMILY = "1,2";
			};
			name = Release;
		};
/* End XCBuildConfiguration section */

/* Begin XCConfigurationList section */
		522239AB28C213ED008F084D /* Build configuration list for PBXProject "TIps-Calculator" */ = {
			isa = XCConfigurationList;
			buildConfigurations = (
				522239C228C213EF008F084D /* Debug */,
				522239C328C213EF008F084D /* Release */,
			);
			defaultConfigurationIsVisible = 0;
			defaultConfigurationName = Release;
		};
		522239C428C213EF008F084D /* Build configuration list for PBXNativeTarget "TIps-Calculator" */ = {
			isa = XCConfigurationList;
			buildConfigurations = (
				522239C528C213EF008F084D /* Debug */,
				522239C628C213EF008F084D /* Release */,
			);
			defaultConfigurationIsVisible = 0;
			defaultConfigurationName = Release;
		};
/* End XCConfigurationList section */
	};
	rootObject = 522239A828C213ED008F084D /* Project object */;
}
